
Microsoft Visual Studio Solution File, Format Version 12.00
# Visual Studio Version 17
VisualStudioVersion = 17.0.32014.148
MinimumVisualStudioVersion = 10.0.40219.1
Project("{FAE04EC0-301F-11D3-BF4B-00C04F79EFBC}") = "WindowsFormsApp1", "WindowsFormsApp1\WindowsFormsApp1.csproj", "{503E20CB-5854-49D6-90CB-15411D1420DD}"
EndProject
Global
	GlobalSection(SolutionConfigurationPlatforms) = preSolution
		Debug|Any CPU = Debug|Any CPU
		Release|Any CPU = Release|Any CPU
	EndGlobalSection
	GlobalSection(ProjectConfigurationPlatforms) = postSolution
		{503E20CB-5854-49D6-90CB-15411D1420DD}.Debug|Any CPU.ActiveCfg = Debug|Any CPU
		{503E20CB-5854-49D6-90CB-15411D1420DD}.Debug|Any CPU.Build.0 = Debug|Any CPU
		{503E20CB-5854-49D6-90CB-15411D1420DD}.Release|Any CPU.ActiveCfg = Release|Any CPU
		{503E20CB-5854-49D6-90CB-15411D1420DD}.Release|Any CPU.Build.0 = Release|Any CPU
	EndGlobalSection
	GlobalSection(SolutionProperties) = preSolution
		HideSolutionNode = FALSE
	EndGlobalSection
	GlobalSection(ExtensibilityGlobals) = postSolution
		SolutionGuid = {A657AF81-CE3A-4712-B1FC-B2F7C0E5CEEB}
	EndGlobalSection
EndGlobal
